
Microsoft Visual Studio Solution File, Format Version 12.00
# Visual Studio Version 17
VisualStudioVersion = 17.13.35825.156
MinimumVisualStudioVersion = 10.0.40219.1
Project("{2150E333-8FDC-42A3-9474-1A3956D46DE8}") = "Services", "Services", "{02EA681E-C7D8-13C7-8484-4AC65E1B71E8}"
EndProject
Project("{2150E333-8FDC-42A3-9474-1A3956D46DE8}") = "Core", "Core", "{D477C478-F70F-47F7-A3F2-3D876834A098}"
EndProject
Project("{FAE04EC0-301F-11D3-BF4B-00C04F79EFBC}") = "Brainwave.Core", "src\Brainwave.Core\Brainwave.Core.csproj", "{D3DDFE3C-B671-4EC8-8995-83ABEAAFB8B4}"
EndProject
Project("{2150E333-8FDC-42A3-9474-1A3956D46DE8}") = "BuildingBlocks", "BuildingBlocks", "{E7B67E0B-B209-4F1E-9599-042B7D7CAA4D}"
EndProject
Project("{FAE04EC0-301F-11D3-BF4B-00C04F79EFBC}") = "EventSourcing", "src\EventSourcing\EventSourcing.csproj", "{3938524F-0C5E-4645-84A9-AA8B26A74104}"
EndProject
Project("{2150E333-8FDC-42A3-9474-1A3956D46DE8}") = "Courses", "Courses", "{26147748-04C6-4511-A3B7-5C80505257C1}"
EndProject
Project("{FAE04EC0-301F-11D3-BF4B-00C04F79EFBC}") = "Brainwave.ManagementCourses.Data", "src\Brainwave.ManagementCourses.Data\Brainwave.ManagementCourses.Data.csproj", "{C2CFE8C0-5775-5299-1CAB-2BB55BA23068}"
EndProject
Project("{FAE04EC0-301F-11D3-BF4B-00C04F79EFBC}") = "Brainwave.ManagementCourses.Domain", "src\Brainwave.ManagementCourses.Domain\Brainwave.ManagementCourses.Domain.csproj", "{3CE77818-A59A-B867-D15F-B329D0259959}"
EndProject
Project("{FAE04EC0-301F-11D3-BF4B-00C04F79EFBC}") = "Brainwave.ManagementCourses.Application", "src\Brainwave.ManagementCourses.Application\Brainwave.ManagementCourses.Application.csproj", "{9D3B88AE-2751-2CFB-FA9B-F6DC1DA5DD47}"
EndProject
Project("{2150E333-8FDC-42A3-9474-1A3956D46DE8}") = "Students", "Students", "{6DB20123-6409-4AB9-BC34-BD6E36992092}"
EndProject
Project("{FAE04EC0-301F-11D3-BF4B-00C04F79EFBC}") = "Brainwave.ManagementStudents.Application", "src\Brainwave.ManagementStudents.Application\Brainwave.ManagementStudents.Application.csproj", "{AAA0364E-7788-479E-BAA5-3C27A85E998B}"
EndProject
Project("{FAE04EC0-301F-11D3-BF4B-00C04F79EFBC}") = "Brainwave.ManagementStudents.Domain", "src\Brainwave.ManagementStudents.Domain\Brainwave.ManagementStudents.Domain.csproj", "{2F5C82C7-D7A5-49E1-B33A-90D7743221A3}"
EndProject
Project("{FAE04EC0-301F-11D3-BF4B-00C04F79EFBC}") = "Brainwave.ManagementStudents.Data", "src\Brainwave.ManagementStudents.Data\Brainwave.ManagementStudents.Data.csproj", "{A02BC07B-889E-4273-8AA6-D0B5EC0B4046}"
EndProject
Project("{2150E333-8FDC-42A3-9474-1A3956D46DE8}") = "Payments", "Payments", "{ADC73D8D-C249-45C9-8B50-38905172E987}"
EndProject
Project("{FAE04EC0-301F-11D3-BF4B-00C04F79EFBC}") = "Brainwave.ManagementPayment.Domain", "src\Brainwave.ManagementPayment.Domain\Brainwave.ManagementPayment.Domain.csproj", "{527E4E96-618C-4B36-A719-7D6F6C7E55B6}"
EndProject
Project("{FAE04EC0-301F-11D3-BF4B-00C04F79EFBC}") = "Brainwave.ManagementPayment.Business", "src\Brainwave.ManagementPayment.Business\Brainwave.ManagementPayment.Business.csproj", "{0A5BE3C7-D1DB-4D73-B281-45087F2ADDB1}"
EndProject
Project("{2150E333-8FDC-42A3-9474-1A3956D46DE8}") = "API", "API", "{94B9BEBE-CA82-4547-8D5F-F2838E8F4693}"
EndProject
Project("{FAE04EC0-301F-11D3-BF4B-00C04F79EFBC}") = "Brainwave.API", "Brainwave.API\Brainwave.API.csproj", "{A92E48F9-9929-409B-AC8A-07BB5BAC2325}"
EndProject
Global
	GlobalSection(SolutionConfigurationPlatforms) = preSolution
		Debug|Any CPU = Debug|Any CPU
		Release|Any CPU = Release|Any CPU
	EndGlobalSection
	GlobalSection(ProjectConfigurationPlatforms) = postSolution
		{D3DDFE3C-B671-4EC8-8995-83ABEAAFB8B4}.Debug|Any CPU.ActiveCfg = Debug|Any CPU
		{D3DDFE3C-B671-4EC8-8995-83ABEAAFB8B4}.Debug|Any CPU.Build.0 = Debug|Any CPU
		{D3DDFE3C-B671-4EC8-8995-83ABEAAFB8B4}.Release|Any CPU.ActiveCfg = Release|Any CPU
		{D3DDFE3C-B671-4EC8-8995-83ABEAAFB8B4}.Release|Any CPU.Build.0 = Release|Any CPU
		{3938524F-0C5E-4645-84A9-AA8B26A74104}.Debug|Any CPU.ActiveCfg = Debug|Any CPU
		{3938524F-0C5E-4645-84A9-AA8B26A74104}.Debug|Any CPU.Build.0 = Debug|Any CPU
		{3938524F-0C5E-4645-84A9-AA8B26A74104}.Release|Any CPU.ActiveCfg = Release|Any CPU
		{3938524F-0C5E-4645-84A9-AA8B26A74104}.Release|Any CPU.Build.0 = Release|Any CPU
		{C2CFE8C0-5775-5299-1CAB-2BB55BA23068}.Debug|Any CPU.ActiveCfg = Debug|Any CPU
		{C2CFE8C0-5775-5299-1CAB-2BB55BA23068}.Debug|Any CPU.Build.0 = Debug|Any CPU
		{C2CFE8C0-5775-5299-1CAB-2BB55BA23068}.Release|Any CPU.ActiveCfg = Release|Any CPU
		{C2CFE8C0-5775-5299-1CAB-2BB55BA23068}.Release|Any CPU.Build.0 = Release|Any CPU
		{3CE77818-A59A-B867-D15F-B329D0259959}.Debug|Any CPU.ActiveCfg = Debug|Any CPU
		{3CE77818-A59A-B867-D15F-B329D0259959}.Debug|Any CPU.Build.0 = Debug|Any CPU
		{3CE77818-A59A-B867-D15F-B329D0259959}.Release|Any CPU.ActiveCfg = Release|Any CPU
		{3CE77818-A59A-B867-D15F-B329D0259959}.Release|Any CPU.Build.0 = Release|Any CPU
		{9D3B88AE-2751-2CFB-FA9B-F6DC1DA5DD47}.Debug|Any CPU.ActiveCfg = Debug|Any CPU
		{9D3B88AE-2751-2CFB-FA9B-F6DC1DA5DD47}.Debug|Any CPU.Build.0 = Debug|Any CPU
		{9D3B88AE-2751-2CFB-FA9B-F6DC1DA5DD47}.Release|Any CPU.ActiveCfg = Release|Any CPU
		{9D3B88AE-2751-2CFB-FA9B-F6DC1DA5DD47}.Release|Any CPU.Build.0 = Release|Any CPU
		{AAA0364E-7788-479E-BAA5-3C27A85E998B}.Debug|Any CPU.ActiveCfg = Debug|Any CPU
		{AAA0364E-7788-479E-BAA5-3C27A85E998B}.Debug|Any CPU.Build.0 = Debug|Any CPU
		{AAA0364E-7788-479E-BAA5-3C27A85E998B}.Release|Any CPU.ActiveCfg = Release|Any CPU
		{AAA0364E-7788-479E-BAA5-3C27A85E998B}.Release|Any CPU.Build.0 = Release|Any CPU
		{2F5C82C7-D7A5-49E1-B33A-90D7743221A3}.Debug|Any CPU.ActiveCfg = Debug|Any CPU
		{2F5C82C7-D7A5-49E1-B33A-90D7743221A3}.Debug|Any CPU.Build.0 = Debug|Any CPU
		{2F5C82C7-D7A5-49E1-B33A-90D7743221A3}.Release|Any CPU.ActiveCfg = Release|Any CPU
		{2F5C82C7-D7A5-49E1-B33A-90D7743221A3}.Release|Any CPU.Build.0 = Release|Any CPU
		{A02BC07B-889E-4273-8AA6-D0B5EC0B4046}.Debug|Any CPU.ActiveCfg = Debug|Any CPU
		{A02BC07B-889E-4273-8AA6-D0B5EC0B4046}.Debug|Any CPU.Build.0 = Debug|Any CPU
		{A02BC07B-889E-4273-8AA6-D0B5EC0B4046}.Release|Any CPU.ActiveCfg = Release|Any CPU
		{A02BC07B-889E-4273-8AA6-D0B5EC0B4046}.Release|Any CPU.Build.0 = Release|Any CPU
		{527E4E96-618C-4B36-A719-7D6F6C7E55B6}.Debug|Any CPU.ActiveCfg = Debug|Any CPU
		{527E4E96-618C-4B36-A719-7D6F6C7E55B6}.Debug|Any CPU.Build.0 = Debug|Any CPU
		{527E4E96-618C-4B36-A719-7D6F6C7E55B6}.Release|Any CPU.ActiveCfg = Release|Any CPU
		{527E4E96-618C-4B36-A719-7D6F6C7E55B6}.Release|Any CPU.Build.0 = Release|Any CPU
		{0A5BE3C7-D1DB-4D73-B281-45087F2ADDB1}.Debug|Any CPU.ActiveCfg = Debug|Any CPU
		{0A5BE3C7-D1DB-4D73-B281-45087F2ADDB1}.Debug|Any CPU.Build.0 = Debug|Any CPU
		{0A5BE3C7-D1DB-4D73-B281-45087F2ADDB1}.Release|Any CPU.ActiveCfg = Release|Any CPU
		{0A5BE3C7-D1DB-4D73-B281-45087F2ADDB1}.Release|Any CPU.Build.0 = Release|Any CPU
		{A92E48F9-9929-409B-AC8A-07BB5BAC2325}.Debug|Any CPU.ActiveCfg = Debug|Any CPU
		{A92E48F9-9929-409B-AC8A-07BB5BAC2325}.Debug|Any CPU.Build.0 = Debug|Any CPU
		{A92E48F9-9929-409B-AC8A-07BB5BAC2325}.Release|Any CPU.ActiveCfg = Release|Any CPU
		{A92E48F9-9929-409B-AC8A-07BB5BAC2325}.Release|Any CPU.Build.0 = Release|Any CPU
	EndGlobalSection
	GlobalSection(SolutionProperties) = preSolution
		HideSolutionNode = FALSE
	EndGlobalSection
	GlobalSection(NestedProjects) = preSolution
		{D477C478-F70F-47F7-A3F2-3D876834A098} = {02EA681E-C7D8-13C7-8484-4AC65E1B71E8}
		{D3DDFE3C-B671-4EC8-8995-83ABEAAFB8B4} = {D477C478-F70F-47F7-A3F2-3D876834A098}
		{3938524F-0C5E-4645-84A9-AA8B26A74104} = {E7B67E0B-B209-4F1E-9599-042B7D7CAA4D}
		{26147748-04C6-4511-A3B7-5C80505257C1} = {02EA681E-C7D8-13C7-8484-4AC65E1B71E8}
		{C2CFE8C0-5775-5299-1CAB-2BB55BA23068} = {26147748-04C6-4511-A3B7-5C80505257C1}
		{3CE77818-A59A-B867-D15F-B329D0259959} = {26147748-04C6-4511-A3B7-5C80505257C1}
		{9D3B88AE-2751-2CFB-FA9B-F6DC1DA5DD47} = {26147748-04C6-4511-A3B7-5C80505257C1}
		{6DB20123-6409-4AB9-BC34-BD6E36992092} = {02EA681E-C7D8-13C7-8484-4AC65E1B71E8}
		{AAA0364E-7788-479E-BAA5-3C27A85E998B} = {6DB20123-6409-4AB9-BC34-BD6E36992092}
		{2F5C82C7-D7A5-49E1-B33A-90D7743221A3} = {6DB20123-6409-4AB9-BC34-BD6E36992092}
		{A02BC07B-889E-4273-8AA6-D0B5EC0B4046} = {6DB20123-6409-4AB9-BC34-BD6E36992092}
		{ADC73D8D-C249-45C9-8B50-38905172E987} = {02EA681E-C7D8-13C7-8484-4AC65E1B71E8}
		{527E4E96-618C-4B36-A719-7D6F6C7E55B6} = {ADC73D8D-C249-45C9-8B50-38905172E987}
		{0A5BE3C7-D1DB-4D73-B281-45087F2ADDB1} = {ADC73D8D-C249-45C9-8B50-38905172E987}
		{A92E48F9-9929-409B-AC8A-07BB5BAC2325} = {94B9BEBE-CA82-4547-8D5F-F2838E8F4693}
	EndGlobalSection
	GlobalSection(ExtensibilityGlobals) = postSolution
		SolutionGuid = {D32D4802-6B63-467E-BB50-77607290FDA4}
	EndGlobalSection
EndGlobal
